// !$*UTF8*$!
{
	archiveVersion = 1;
	classes = {
	};
	objectVersion = 56;
	objects = {

/* Begin PBXBuildFile section */
		11D17D082B7B6C1B004F3B57 /* NameProfileView.swift in Sources */ = {isa = PBXBuildFile; fileRef = 11D17D072B7B6C1B004F3B57 /* NameProfileView.swift */; };
		11D17D0B2B7B6EA0004F3B57 /* UILabel.swift in Sources */ = {isa = PBXBuildFile; fileRef = 11D17D0A2B7B6EA0004F3B57 /* UILabel.swift */; };
		11D17D0D2B7B77D2004F3B57 /* ProgressView.swift in Sources */ = {isa = PBXBuildFile; fileRef = 11D17D0C2B7B77D2004F3B57 /* ProgressView.swift */; };
		11D17D122B7B8D83004F3B57 /* AchievementsView.swift in Sources */ = {isa = PBXBuildFile; fileRef = 11D17D112B7B8D83004F3B57 /* AchievementsView.swift */; };
		11D17D152B7B8ED7004F3B57 /* AchivmentCell.swift in Sources */ = {isa = PBXBuildFile; fileRef = 11D17D142B7B8ED7004F3B57 /* AchivmentCell.swift */; };
		11D17D182B7B91D3004F3B57 /* AchivmentModel.swift in Sources */ = {isa = PBXBuildFile; fileRef = 11D17D172B7B91D3004F3B57 /* AchivmentModel.swift */; };
		11D17D1C2B7CE1A1004F3B57 /* WeaponNavigationBarView.swift in Sources */ = {isa = PBXBuildFile; fileRef = 11D17D1B2B7CE1A1004F3B57 /* WeaponNavigationBarView.swift */; };
		11D17D1E2B7CE4E8004F3B57 /* R.swift in Sources */ = {isa = PBXBuildFile; fileRef = 11D17D1D2B7CE4E8004F3B57 /* R.swift */; };
		11D17D212B7CECC3004F3B57 /* InventoryViewController.swift in Sources */ = {isa = PBXBuildFile; fileRef = 11D17D202B7CECC3004F3B57 /* InventoryViewController.swift */; };
		11D17D252B7CED12004F3B57 /* InventoryCell.swift in Sources */ = {isa = PBXBuildFile; fileRef = 11D17D242B7CED12004F3B57 /* InventoryCell.swift */; };
		11D17D282B7E225A004F3B57 /* ContainerViewController.swift in Sources */ = {isa = PBXBuildFile; fileRef = 11D17D272B7E225A004F3B57 /* ContainerViewController.swift */; };
		55DD64A82B77C8A5002B9842 /* AppDelegate.swift in Sources */ = {isa = PBXBuildFile; fileRef = 55DD64A72B77C8A5002B9842 /* AppDelegate.swift */; };
		55DD64AA2B77C8A5002B9842 /* SceneDelegate.swift in Sources */ = {isa = PBXBuildFile; fileRef = 55DD64A92B77C8A5002B9842 /* SceneDelegate.swift */; };
		55DD64B12B77C8A8002B9842 /* Assets.xcassets in Resources */ = {isa = PBXBuildFile; fileRef = 55DD64B02B77C8A8002B9842 /* Assets.xcassets */; };
		55DD64B42B77C8A8002B9842 /* LaunchScreen.storyboard in Resources */ = {isa = PBXBuildFile; fileRef = 55DD64B22B77C8A8002B9842 /* LaunchScreen.storyboard */; };
		55DD64C02B77C8B8002B9842 /* ProfileModuleBuilder.swift in Sources */ = {isa = PBXBuildFile; fileRef = 55DD64BB2B77C8B8002B9842 /* ProfileModuleBuilder.swift */; };
		55DD64C12B77C8B8002B9842 /* ProfilePresenter.swift in Sources */ = {isa = PBXBuildFile; fileRef = 55DD64BC2B77C8B8002B9842 /* ProfilePresenter.swift */; };
		55DD64C22B77C8B8002B9842 /* ProfileRouter.swift in Sources */ = {isa = PBXBuildFile; fileRef = 55DD64BD2B77C8B8002B9842 /* ProfileRouter.swift */; };
		55DD64C32B77C8B8002B9842 /* ProfileViewController.swift in Sources */ = {isa = PBXBuildFile; fileRef = 55DD64BE2B77C8B8002B9842 /* ProfileViewController.swift */; };
		55DD64C42B77C8B8002B9842 /* ProfileInteractor.swift in Sources */ = {isa = PBXBuildFile; fileRef = 55DD64BF2B77C8B8002B9842 /* ProfileInteractor.swift */; };
		55DD64CB2B77C8CD002B9842 /* WeaponModuleBuilder.swift in Sources */ = {isa = PBXBuildFile; fileRef = 55DD64C62B77C8CD002B9842 /* WeaponModuleBuilder.swift */; };
		55DD64CC2B77C8CD002B9842 /* WeaponPresenter.swift in Sources */ = {isa = PBXBuildFile; fileRef = 55DD64C72B77C8CD002B9842 /* WeaponPresenter.swift */; };
		55DD64CD2B77C8CD002B9842 /* WeaponRouter.swift in Sources */ = {isa = PBXBuildFile; fileRef = 55DD64C82B77C8CD002B9842 /* WeaponRouter.swift */; };
		55DD64CE2B77C8CD002B9842 /* WeaponViewController.swift in Sources */ = {isa = PBXBuildFile; fileRef = 55DD64C92B77C8CD002B9842 /* WeaponViewController.swift */; };
		55DD64CF2B77C8CD002B9842 /* WeaponInteractor.swift in Sources */ = {isa = PBXBuildFile; fileRef = 55DD64CA2B77C8CD002B9842 /* WeaponInteractor.swift */; };
		55DD64D62B77C8E9002B9842 /* GameModuleBuilder.swift in Sources */ = {isa = PBXBuildFile; fileRef = 55DD64D12B77C8E9002B9842 /* GameModuleBuilder.swift */; };
		55DD64D72B77C8E9002B9842 /* GamePresenter.swift in Sources */ = {isa = PBXBuildFile; fileRef = 55DD64D22B77C8E9002B9842 /* GamePresenter.swift */; };
		55DD64D82B77C8E9002B9842 /* GameRouter.swift in Sources */ = {isa = PBXBuildFile; fileRef = 55DD64D32B77C8E9002B9842 /* GameRouter.swift */; };
		55DD64D92B77C8E9002B9842 /* GameViewController.swift in Sources */ = {isa = PBXBuildFile; fileRef = 55DD64D42B77C8E9002B9842 /* GameViewController.swift */; };
		55DD64DA2B77C8E9002B9842 /* GameInteractor.swift in Sources */ = {isa = PBXBuildFile; fileRef = 55DD64D52B77C8E9002B9842 /* GameInteractor.swift */; };
		55DD64F72B77CA90002B9842 /* SideTabBar.swift in Sources */ = {isa = PBXBuildFile; fileRef = 55DD64F42B77CA90002B9842 /* SideTabBar.swift */; };
		55DD64F82B77CA90002B9842 /* SideTabBarItem.swift in Sources */ = {isa = PBXBuildFile; fileRef = 55DD64F32B77CA90002B9842 /* SideTabBarItem.swift */; };
		55DD64FA2B77CAAD002B9842 /* CALayer + Ext.swift in Sources */ = {isa = PBXBuildFile; fileRef = 55DD64F92B77CAAD002B9842 /* CALayer + Ext.swift */; };
		55DD65002B78CC3F002B9842 /* SideBarModuleBuilder.swift in Sources */ = {isa = PBXBuildFile; fileRef = 55DD64FB2B78CC3F002B9842 /* SideBarModuleBuilder.swift */; };
		55DD65012B78CC3F002B9842 /* SideBarPresenter.swift in Sources */ = {isa = PBXBuildFile; fileRef = 55DD64FC2B78CC3F002B9842 /* SideBarPresenter.swift */; };
		55DD65022B78CC3F002B9842 /* SideBarRouter.swift in Sources */ = {isa = PBXBuildFile; fileRef = 55DD64FD2B78CC3F002B9842 /* SideBarRouter.swift */; };
		55DD65032B78CC3F002B9842 /* SideBarViewController.swift in Sources */ = {isa = PBXBuildFile; fileRef = 55DD64FE2B78CC3F002B9842 /* SideBarViewController.swift */; };
		55DD65042B78CC3F002B9842 /* SideBarInteractor.swift in Sources */ = {isa = PBXBuildFile; fileRef = 55DD64FF2B78CC3F002B9842 /* SideBarInteractor.swift */; };
		55DD65062B78D39C002B9842 /* UIView + Ext.swift in Sources */ = {isa = PBXBuildFile; fileRef = 55DD65052B78D39C002B9842 /* UIView + Ext.swift */; };
		55DD65082B78D406002B9842 /* UIViewController + Ext.swift in Sources */ = {isa = PBXBuildFile; fileRef = 55DD65072B78D406002B9842 /* UIViewController + Ext.swift */; };
/* End PBXBuildFile section */

/* Begin PBXFileReference section */
		11D17D072B7B6C1B004F3B57 /* NameProfileView.swift */ = {isa = PBXFileReference; lastKnownFileType = sourcecode.swift; path = NameProfileView.swift; sourceTree = "<group>"; };
		11D17D0A2B7B6EA0004F3B57 /* UILabel.swift */ = {isa = PBXFileReference; lastKnownFileType = sourcecode.swift; path = UILabel.swift; sourceTree = "<group>"; };
		11D17D0C2B7B77D2004F3B57 /* ProgressView.swift */ = {isa = PBXFileReference; lastKnownFileType = sourcecode.swift; path = ProgressView.swift; sourceTree = "<group>"; };
		11D17D112B7B8D83004F3B57 /* AchievementsView.swift */ = {isa = PBXFileReference; lastKnownFileType = sourcecode.swift; path = AchievementsView.swift; sourceTree = "<group>"; };
		11D17D142B7B8ED7004F3B57 /* AchivmentCell.swift */ = {isa = PBXFileReference; lastKnownFileType = sourcecode.swift; path = AchivmentCell.swift; sourceTree = "<group>"; };
		11D17D172B7B91D3004F3B57 /* AchivmentModel.swift */ = {isa = PBXFileReference; lastKnownFileType = sourcecode.swift; path = AchivmentModel.swift; sourceTree = "<group>"; };
		11D17D1B2B7CE1A1004F3B57 /* WeaponNavigationBarView.swift */ = {isa = PBXFileReference; lastKnownFileType = sourcecode.swift; path = WeaponNavigationBarView.swift; sourceTree = "<group>"; };
		11D17D1D2B7CE4E8004F3B57 /* R.swift */ = {isa = PBXFileReference; lastKnownFileType = sourcecode.swift; path = R.swift; sourceTree = "<group>"; };
		11D17D202B7CECC3004F3B57 /* InventoryViewController.swift */ = {isa = PBXFileReference; lastKnownFileType = sourcecode.swift; path = InventoryViewController.swift; sourceTree = "<group>"; };
		11D17D242B7CED12004F3B57 /* InventoryCell.swift */ = {isa = PBXFileReference; lastKnownFileType = sourcecode.swift; path = InventoryCell.swift; sourceTree = "<group>"; };
		11D17D272B7E225A004F3B57 /* ContainerViewController.swift */ = {isa = PBXFileReference; lastKnownFileType = sourcecode.swift; path = ContainerViewController.swift; sourceTree = "<group>"; };
		55DD64A42B77C8A5002B9842 /* Standoff-CaseSimulator.app */ = {isa = PBXFileReference; explicitFileType = wrapper.application; includeInIndex = 0; path = "Standoff-CaseSimulator.app"; sourceTree = BUILT_PRODUCTS_DIR; };
		55DD64A72B77C8A5002B9842 /* AppDelegate.swift */ = {isa = PBXFileReference; lastKnownFileType = sourcecode.swift; path = AppDelegate.swift; sourceTree = "<group>"; };
		55DD64A92B77C8A5002B9842 /* SceneDelegate.swift */ = {isa = PBXFileReference; lastKnownFileType = sourcecode.swift; path = SceneDelegate.swift; sourceTree = "<group>"; };
		55DD64B02B77C8A8002B9842 /* Assets.xcassets */ = {isa = PBXFileReference; lastKnownFileType = folder.assetcatalog; path = Assets.xcassets; sourceTree = "<group>"; };
		55DD64B32B77C8A8002B9842 /* Base */ = {isa = PBXFileReference; lastKnownFileType = file.storyboard; name = Base; path = Base.lproj/LaunchScreen.storyboard; sourceTree = "<group>"; };
		55DD64B52B77C8A8002B9842 /* Info.plist */ = {isa = PBXFileReference; lastKnownFileType = text.plist.xml; path = Info.plist; sourceTree = "<group>"; };
		55DD64BB2B77C8B8002B9842 /* ProfileModuleBuilder.swift */ = {isa = PBXFileReference; lastKnownFileType = sourcecode.swift; path = ProfileModuleBuilder.swift; sourceTree = "<group>"; };
		55DD64BC2B77C8B8002B9842 /* ProfilePresenter.swift */ = {isa = PBXFileReference; lastKnownFileType = sourcecode.swift; path = ProfilePresenter.swift; sourceTree = "<group>"; };
		55DD64BD2B77C8B8002B9842 /* ProfileRouter.swift */ = {isa = PBXFileReference; lastKnownFileType = sourcecode.swift; path = ProfileRouter.swift; sourceTree = "<group>"; };
		55DD64BE2B77C8B8002B9842 /* ProfileViewController.swift */ = {isa = PBXFileReference; lastKnownFileType = sourcecode.swift; path = ProfileViewController.swift; sourceTree = "<group>"; };
		55DD64BF2B77C8B8002B9842 /* ProfileInteractor.swift */ = {isa = PBXFileReference; lastKnownFileType = sourcecode.swift; path = ProfileInteractor.swift; sourceTree = "<group>"; };
		55DD64C62B77C8CD002B9842 /* WeaponModuleBuilder.swift */ = {isa = PBXFileReference; lastKnownFileType = sourcecode.swift; path = WeaponModuleBuilder.swift; sourceTree = "<group>"; };
		55DD64C72B77C8CD002B9842 /* WeaponPresenter.swift */ = {isa = PBXFileReference; lastKnownFileType = sourcecode.swift; path = WeaponPresenter.swift; sourceTree = "<group>"; };
		55DD64C82B77C8CD002B9842 /* WeaponRouter.swift */ = {isa = PBXFileReference; lastKnownFileType = sourcecode.swift; path = WeaponRouter.swift; sourceTree = "<group>"; };
		55DD64C92B77C8CD002B9842 /* WeaponViewController.swift */ = {isa = PBXFileReference; lastKnownFileType = sourcecode.swift; path = WeaponViewController.swift; sourceTree = "<group>"; };
		55DD64CA2B77C8CD002B9842 /* WeaponInteractor.swift */ = {isa = PBXFileReference; lastKnownFileType = sourcecode.swift; path = WeaponInteractor.swift; sourceTree = "<group>"; };
		55DD64D12B77C8E9002B9842 /* GameModuleBuilder.swift */ = {isa = PBXFileReference; lastKnownFileType = sourcecode.swift; path = GameModuleBuilder.swift; sourceTree = "<group>"; };
		55DD64D22B77C8E9002B9842 /* GamePresenter.swift */ = {isa = PBXFileReference; lastKnownFileType = sourcecode.swift; path = GamePresenter.swift; sourceTree = "<group>"; };
		55DD64D32B77C8E9002B9842 /* GameRouter.swift */ = {isa = PBXFileReference; lastKnownFileType = sourcecode.swift; path = GameRouter.swift; sourceTree = "<group>"; };
		55DD64D42B77C8E9002B9842 /* GameViewController.swift */ = {isa = PBXFileReference; lastKnownFileType = sourcecode.swift; path = GameViewController.swift; sourceTree = "<group>"; };
		55DD64D52B77C8E9002B9842 /* GameInteractor.swift */ = {isa = PBXFileReference; lastKnownFileType = sourcecode.swift; path = GameInteractor.swift; sourceTree = "<group>"; };
		55DD64F32B77CA90002B9842 /* SideTabBarItem.swift */ = {isa = PBXFileReference; lastKnownFileType = sourcecode.swift; path = SideTabBarItem.swift; sourceTree = "<group>"; };
		55DD64F42B77CA90002B9842 /* SideTabBar.swift */ = {isa = PBXFileReference; lastKnownFileType = sourcecode.swift; path = SideTabBar.swift; sourceTree = "<group>"; };
		55DD64F92B77CAAD002B9842 /* CALayer + Ext.swift */ = {isa = PBXFileReference; lastKnownFileType = sourcecode.swift; path = "CALayer + Ext.swift"; sourceTree = "<group>"; };
		55DD64FB2B78CC3F002B9842 /* SideBarModuleBuilder.swift */ = {isa = PBXFileReference; lastKnownFileType = sourcecode.swift; path = SideBarModuleBuilder.swift; sourceTree = "<group>"; };
		55DD64FC2B78CC3F002B9842 /* SideBarPresenter.swift */ = {isa = PBXFileReference; lastKnownFileType = sourcecode.swift; path = SideBarPresenter.swift; sourceTree = "<group>"; };
		55DD64FD2B78CC3F002B9842 /* SideBarRouter.swift */ = {isa = PBXFileReference; lastKnownFileType = sourcecode.swift; path = SideBarRouter.swift; sourceTree = "<group>"; };
		55DD64FE2B78CC3F002B9842 /* SideBarViewController.swift */ = {isa = PBXFileReference; lastKnownFileType = sourcecode.swift; path = SideBarViewController.swift; sourceTree = "<group>"; };
		55DD64FF2B78CC3F002B9842 /* SideBarInteractor.swift */ = {isa = PBXFileReference; lastKnownFileType = sourcecode.swift; path = SideBarInteractor.swift; sourceTree = "<group>"; };
		55DD65052B78D39C002B9842 /* UIView + Ext.swift */ = {isa = PBXFileReference; lastKnownFileType = sourcecode.swift; path = "UIView + Ext.swift"; sourceTree = "<group>"; };
		55DD65072B78D406002B9842 /* UIViewController + Ext.swift */ = {isa = PBXFileReference; lastKnownFileType = sourcecode.swift; path = "UIViewController + Ext.swift"; sourceTree = "<group>"; };
/* End PBXFileReference section */

/* Begin PBXFrameworksBuildPhase section */
		55DD64A12B77C8A5002B9842 /* Frameworks */ = {
			isa = PBXFrameworksBuildPhase;
			buildActionMask = 2147483647;
			files = (
			);
			runOnlyForDeploymentPostprocessing = 0;
		};
/* End PBXFrameworksBuildPhase section */

/* Begin PBXGroup section */
		11D17D052B7B6BF0004F3B57 /* View */ = {
			isa = PBXGroup;
			children = (
				11D17D062B7B6BFB004F3B57 /* Subviews */,
				55DD64BE2B77C8B8002B9842 /* ProfileViewController.swift */,
			);
			path = View;
			sourceTree = "<group>";
		};
		11D17D062B7B6BFB004F3B57 /* Subviews */ = {
			isa = PBXGroup;
			children = (
				11D17D0E2B7B8D3A004F3B57 /* AchievementsView */,
				11D17D0F2B7B8D43004F3B57 /* NameView */,
				11D17D102B7B8D4D004F3B57 /* ProgressView */,
			);
			path = Subviews;
			sourceTree = "<group>";
		};
		11D17D092B7B6E95004F3B57 /* BaseView */ = {
			isa = PBXGroup;
			children = (
				11D17D0A2B7B6EA0004F3B57 /* UILabel.swift */,
			);
			path = BaseView;
			sourceTree = "<group>";
		};
		11D17D0E2B7B8D3A004F3B57 /* AchievementsView */ = {
			isa = PBXGroup;
			children = (
				11D17D132B7B8EC5004F3B57 /* Cell */,
				11D17D112B7B8D83004F3B57 /* AchievementsView.swift */,
			);
			path = AchievementsView;
			sourceTree = "<group>";
		};
		11D17D0F2B7B8D43004F3B57 /* NameView */ = {
			isa = PBXGroup;
			children = (
				11D17D072B7B6C1B004F3B57 /* NameProfileView.swift */,
			);
			path = NameView;
			sourceTree = "<group>";
		};
		11D17D102B7B8D4D004F3B57 /* ProgressView */ = {
			isa = PBXGroup;
			children = (
				11D17D0C2B7B77D2004F3B57 /* ProgressView.swift */,
			);
			path = ProgressView;
			sourceTree = "<group>";
		};
		11D17D132B7B8EC5004F3B57 /* Cell */ = {
			isa = PBXGroup;
			children = (
				11D17D142B7B8ED7004F3B57 /* AchivmentCell.swift */,
			);
			path = Cell;
			sourceTree = "<group>";
		};
		11D17D162B7B919A004F3B57 /* Models */ = {
			isa = PBXGroup;
			children = (
				11D17D172B7B91D3004F3B57 /* AchivmentModel.swift */,
			);
			path = Models;
			sourceTree = "<group>";
		};
		11D17D192B7CE182004F3B57 /* View */ = {
			isa = PBXGroup;
			children = (
				11D17D1F2B7CEC7D004F3B57 /* Controllers */,
				11D17D1A2B7CE18A004F3B57 /* Subviews */,
				55DD64C92B77C8CD002B9842 /* WeaponViewController.swift */,
			);
			path = View;
			sourceTree = "<group>";
		};
		11D17D1A2B7CE18A004F3B57 /* Subviews */ = {
			isa = PBXGroup;
			children = (
				11D17D1B2B7CE1A1004F3B57 /* WeaponNavigationBarView.swift */,
			);
			path = Subviews;
			sourceTree = "<group>";
		};
		11D17D1F2B7CEC7D004F3B57 /* Controllers */ = {
			isa = PBXGroup;
			children = (
				11D17D222B7CECE9004F3B57 /* InventoryController */,
			);
			path = Controllers;
			sourceTree = "<group>";
		};
		11D17D222B7CECE9004F3B57 /* InventoryController */ = {
			isa = PBXGroup;
			children = (
				11D17D232B7CED02004F3B57 /* Cell */,
				11D17D202B7CECC3004F3B57 /* InventoryViewController.swift */,
			);
			path = InventoryController;
			sourceTree = "<group>";
		};
		11D17D232B7CED02004F3B57 /* Cell */ = {
			isa = PBXGroup;
			children = (
				11D17D242B7CED12004F3B57 /* InventoryCell.swift */,
			);
			path = Cell;
			sourceTree = "<group>";
		};
		11D17D262B7E224C004F3B57 /* ContainerController */ = {
			isa = PBXGroup;
			children = (
				11D17D272B7E225A004F3B57 /* ContainerViewController.swift */,
			);
			path = ContainerController;
			sourceTree = "<group>";
		};
		55DD649B2B77C8A5002B9842 = {
			isa = PBXGroup;
			children = (
				55DD64A62B77C8A5002B9842 /* Standoff-CaseSimulator */,
				55DD64A52B77C8A5002B9842 /* Products */,
			);
			sourceTree = "<group>";
		};
		55DD64A52B77C8A5002B9842 /* Products */ = {
			isa = PBXGroup;
			children = (
				55DD64A42B77C8A5002B9842 /* Standoff-CaseSimulator.app */,
			);
			name = Products;
			sourceTree = "<group>";
		};
		55DD64A62B77C8A5002B9842 /* Standoff-CaseSimulator */ = {
			isa = PBXGroup;
			children = (
				11D17D162B7B919A004F3B57 /* Models */,
				55DD64DE2B77C9E2002B9842 /* SideBar */,
				55DD64C52B77C8BD002B9842 /* Profile */,
				55DD64D02B77C8D2002B9842 /* Weapon */,
				55DD64DB2B77C8EE002B9842 /* Game */,
				55DD64DC2B77C902002B9842 /* Application */,
				55DD64DD2B77C918002B9842 /* Resources */,
				55DD64E72B77CA3E002B9842 /* Core */,
			);
			path = "Standoff-CaseSimulator";
			sourceTree = "<group>";
		};
		55DD64C52B77C8BD002B9842 /* Profile */ = {
			isa = PBXGroup;
			children = (
				11D17D052B7B6BF0004F3B57 /* View */,
				55DD64BB2B77C8B8002B9842 /* ProfileModuleBuilder.swift */,
				55DD64BC2B77C8B8002B9842 /* ProfilePresenter.swift */,
				55DD64BD2B77C8B8002B9842 /* ProfileRouter.swift */,
				55DD64BF2B77C8B8002B9842 /* ProfileInteractor.swift */,
			);
			path = Profile;
			sourceTree = "<group>";
		};
		55DD64D02B77C8D2002B9842 /* Weapon */ = {
			isa = PBXGroup;
			children = (
				11D17D192B7CE182004F3B57 /* View */,
				55DD64C62B77C8CD002B9842 /* WeaponModuleBuilder.swift */,
				55DD64C72B77C8CD002B9842 /* WeaponPresenter.swift */,
				55DD64C82B77C8CD002B9842 /* WeaponRouter.swift */,
				55DD64CA2B77C8CD002B9842 /* WeaponInteractor.swift */,
			);
			path = Weapon;
			sourceTree = "<group>";
		};
		55DD64DB2B77C8EE002B9842 /* Game */ = {
			isa = PBXGroup;
			children = (
				55DD64D12B77C8E9002B9842 /* GameModuleBuilder.swift */,
				55DD64D22B77C8E9002B9842 /* GamePresenter.swift */,
				55DD64D32B77C8E9002B9842 /* GameRouter.swift */,
				55DD64D42B77C8E9002B9842 /* GameViewController.swift */,
				55DD64D52B77C8E9002B9842 /* GameInteractor.swift */,
			);
			path = Game;
			sourceTree = "<group>";
		};
		55DD64DC2B77C902002B9842 /* Application */ = {
			isa = PBXGroup;
			children = (
				55DD64A72B77C8A5002B9842 /* AppDelegate.swift */,
				55DD64A92B77C8A5002B9842 /* SceneDelegate.swift */,
				55DD64B52B77C8A8002B9842 /* Info.plist */,
			);
			path = Application;
			sourceTree = "<group>";
		};
		55DD64DD2B77C918002B9842 /* Resources */ = {
			isa = PBXGroup;
			children = (
				55DD64B02B77C8A8002B9842 /* Assets.xcassets */,
				55DD64B22B77C8A8002B9842 /* LaunchScreen.storyboard */,
				11D17D1D2B7CE4E8004F3B57 /* R.swift */,
			);
			path = Resources;
			sourceTree = "<group>";
		};
		55DD64DE2B77C9E2002B9842 /* SideBar */ = {
			isa = PBXGroup;
			children = (
				55DD64FB2B78CC3F002B9842 /* SideBarModuleBuilder.swift */,
				55DD64FC2B78CC3F002B9842 /* SideBarPresenter.swift */,
				55DD64FD2B78CC3F002B9842 /* SideBarRouter.swift */,
				55DD64FE2B78CC3F002B9842 /* SideBarViewController.swift */,
				55DD64FF2B78CC3F002B9842 /* SideBarInteractor.swift */,
				55DD650A2B7A3413002B9842 /* Views */,
			);
			path = SideBar;
			sourceTree = "<group>";
		};
		55DD64E72B77CA3E002B9842 /* Core */ = {
			isa = PBXGroup;
			children = (
				11D17D262B7E224C004F3B57 /* ContainerController */,
				11D17D092B7B6E95004F3B57 /* BaseView */,
				55DD64E82B77CA44002B9842 /* Extension */,
			);
			path = Core;
			sourceTree = "<group>";
		};
		55DD64E82B77CA44002B9842 /* Extension */ = {
			isa = PBXGroup;
			children = (
				55DD64F92B77CAAD002B9842 /* CALayer + Ext.swift */,
				55DD65052B78D39C002B9842 /* UIView + Ext.swift */,
				55DD65072B78D406002B9842 /* UIViewController + Ext.swift */,
			);
			path = Extension;
			sourceTree = "<group>";
		};
		55DD650A2B7A3413002B9842 /* Views */ = {
			isa = PBXGroup;
			children = (
				55DD64F42B77CA90002B9842 /* SideTabBar.swift */,
				55DD64F32B77CA90002B9842 /* SideTabBarItem.swift */,
			);
			path = Views;
			sourceTree = "<group>";
		};
/* End PBXGroup section */

/* Begin PBXNativeTarget section */
		55DD64A32B77C8A5002B9842 /* Standoff-CaseSimulator */ = {
			isa = PBXNativeTarget;
			buildConfigurationList = 55DD64B82B77C8A8002B9842 /* Build configuration list for PBXNativeTarget "Standoff-CaseSimulator" */;
			buildPhases = (
				55DD64A02B77C8A5002B9842 /* Sources */,
				55DD64A12B77C8A5002B9842 /* Frameworks */,
				55DD64A22B77C8A5002B9842 /* Resources */,
			);
			buildRules = (
			);
			dependencies = (
			);
			name = "Standoff-CaseSimulator";
			productName = "Standoff-CaseSimulator";
			productReference = 55DD64A42B77C8A5002B9842 /* Standoff-CaseSimulator.app */;
			productType = "com.apple.product-type.application";
		};
/* End PBXNativeTarget section */

/* Begin PBXProject section */
		55DD649C2B77C8A5002B9842 /* Project object */ = {
			isa = PBXProject;
			attributes = {
				BuildIndependentTargetsInParallel = 1;
				LastSwiftUpdateCheck = 1520;
				LastUpgradeCheck = 1520;
				TargetAttributes = {
					55DD64A32B77C8A5002B9842 = {
						CreatedOnToolsVersion = 15.2;
					};
				};
			};
			buildConfigurationList = 55DD649F2B77C8A5002B9842 /* Build configuration list for PBXProject "Standoff-CaseSimulator" */;
			compatibilityVersion = "Xcode 14.0";
			developmentRegion = en;
			hasScannedForEncodings = 0;
			knownRegions = (
				en,
				Base,
			);
			mainGroup = 55DD649B2B77C8A5002B9842;
			productRefGroup = 55DD64A52B77C8A5002B9842 /* Products */;
			projectDirPath = "";
			projectRoot = "";
			targets = (
				55DD64A32B77C8A5002B9842 /* Standoff-CaseSimulator */,
			);
		};
/* End PBXProject section */

/* Begin PBXResourcesBuildPhase section */
		55DD64A22B77C8A5002B9842 /* Resources */ = {
			isa = PBXResourcesBuildPhase;
			buildActionMask = 2147483647;
			files = (
				55DD64B42B77C8A8002B9842 /* LaunchScreen.storyboard in Resources */,
				55DD64B12B77C8A8002B9842 /* Assets.xcassets in Resources */,
			);
			runOnlyForDeploymentPostprocessing = 0;
		};
/* End PBXResourcesBuildPhase section */

/* Begin PBXSourcesBuildPhase section */
		55DD64A02B77C8A5002B9842 /* Sources */ = {
			isa = PBXSourcesBuildPhase;
			buildActionMask = 2147483647;
			files = (
				55DD64C22B77C8B8002B9842 /* ProfileRouter.swift in Sources */,
				55DD64CE2B77C8CD002B9842 /* WeaponViewController.swift in Sources */,
				55DD64F72B77CA90002B9842 /* SideTabBar.swift in Sources */,
				55DD64F82B77CA90002B9842 /* SideTabBarItem.swift in Sources */,
				55DD64CF2B77C8CD002B9842 /* WeaponInteractor.swift in Sources */,
				11D17D152B7B8ED7004F3B57 /* AchivmentCell.swift in Sources */,
				11D17D1C2B7CE1A1004F3B57 /* WeaponNavigationBarView.swift in Sources */,
				55DD65032B78CC3F002B9842 /* SideBarViewController.swift in Sources */,
				11D17D0D2B7B77D2004F3B57 /* ProgressView.swift in Sources */,
				11D17D122B7B8D83004F3B57 /* AchievementsView.swift in Sources */,
				55DD64CD2B77C8CD002B9842 /* WeaponRouter.swift in Sources */,
				11D17D1E2B7CE4E8004F3B57 /* R.swift in Sources */,
				55DD64A82B77C8A5002B9842 /* AppDelegate.swift in Sources */,
				55DD64D92B77C8E9002B9842 /* GameViewController.swift in Sources */,
				11D17D182B7B91D3004F3B57 /* AchivmentModel.swift in Sources */,
				11D17D0B2B7B6EA0004F3B57 /* UILabel.swift in Sources */,
				55DD65002B78CC3F002B9842 /* SideBarModuleBuilder.swift in Sources */,
				11D17D212B7CECC3004F3B57 /* InventoryViewController.swift in Sources */,
				55DD65012B78CC3F002B9842 /* SideBarPresenter.swift in Sources */,
				11D17D252B7CED12004F3B57 /* InventoryCell.swift in Sources */,
				55DD65042B78CC3F002B9842 /* SideBarInteractor.swift in Sources */,
				55DD64D82B77C8E9002B9842 /* GameRouter.swift in Sources */,
				55DD64AA2B77C8A5002B9842 /* SceneDelegate.swift in Sources */,
				55DD64D62B77C8E9002B9842 /* GameModuleBuilder.swift in Sources */,
				55DD64D72B77C8E9002B9842 /* GamePresenter.swift in Sources */,
				55DD64CC2B77C8CD002B9842 /* WeaponPresenter.swift in Sources */,
				55DD64DA2B77C8E9002B9842 /* GameInteractor.swift in Sources */,
				11D17D282B7E225A004F3B57 /* ContainerViewController.swift in Sources */,
				11D17D082B7B6C1B004F3B57 /* NameProfileView.swift in Sources */,
				55DD64CB2B77C8CD002B9842 /* WeaponModuleBuilder.swift in Sources */,
				55DD64C32B77C8B8002B9842 /* ProfileViewController.swift in Sources */,
				55DD65062B78D39C002B9842 /* UIView + Ext.swift in Sources */,
				55DD64C12B77C8B8002B9842 /* ProfilePresenter.swift in Sources */,
				55DD64FA2B77CAAD002B9842 /* CALayer + Ext.swift in Sources */,
				55DD64C42B77C8B8002B9842 /* ProfileInteractor.swift in Sources */,
				55DD65082B78D406002B9842 /* UIViewController + Ext.swift in Sources */,
				55DD65022B78CC3F002B9842 /* SideBarRouter.swift in Sources */,
				55DD64C02B77C8B8002B9842 /* ProfileModuleBuilder.swift in Sources */,
			);
			runOnlyForDeploymentPostprocessing = 0;
		};
/* End PBXSourcesBuildPhase section */

/* Begin PBXVariantGroup section */
		55DD64B22B77C8A8002B9842 /* LaunchScreen.storyboard */ = {
			isa = PBXVariantGroup;
			children = (
				55DD64B32B77C8A8002B9842 /* Base */,
			);
			name = LaunchScreen.storyboard;
			sourceTree = "<group>";
		};
/* End PBXVariantGroup section */

/* Begin XCBuildConfiguration section */
		55DD64B62B77C8A8002B9842 /* Debug */ = {
			isa = XCBuildConfiguration;
			buildSettings = {
				ALWAYS_SEARCH_USER_PATHS = NO;
				ASSETCATALOG_COMPILER_GENERATE_SWIFT_ASSET_SYMBOL_EXTENSIONS = YES;
				CLANG_ANALYZER_NONNULL = YES;
				CLANG_ANALYZER_NUMBER_OBJECT_CONVERSION = YES_AGGRESSIVE;
				CLANG_CXX_LANGUAGE_STANDARD = "gnu++20";
				CLANG_ENABLE_MODULES = YES;
				CLANG_ENABLE_OBJC_ARC = YES;
				CLANG_ENABLE_OBJC_WEAK = YES;
				CLANG_WARN_BLOCK_CAPTURE_AUTORELEASING = YES;
				CLANG_WARN_BOOL_CONVERSION = YES;
				CLANG_WARN_COMMA = YES;
				CLANG_WARN_CONSTANT_CONVERSION = YES;
				CLANG_WARN_DEPRECATED_OBJC_IMPLEMENTATIONS = YES;
				CLANG_WARN_DIRECT_OBJC_ISA_USAGE = YES_ERROR;
				CLANG_WARN_DOCUMENTATION_COMMENTS = YES;
				CLANG_WARN_EMPTY_BODY = YES;
				CLANG_WARN_ENUM_CONVERSION = YES;
				CLANG_WARN_INFINITE_RECURSION = YES;
				CLANG_WARN_INT_CONVERSION = YES;
				CLANG_WARN_NON_LITERAL_NULL_CONVERSION = YES;
				CLANG_WARN_OBJC_IMPLICIT_RETAIN_SELF = YES;
				CLANG_WARN_OBJC_LITERAL_CONVERSION = YES;
				CLANG_WARN_OBJC_ROOT_CLASS = YES_ERROR;
				CLANG_WARN_QUOTED_INCLUDE_IN_FRAMEWORK_HEADER = YES;
				CLANG_WARN_RANGE_LOOP_ANALYSIS = YES;
				CLANG_WARN_STRICT_PROTOTYPES = YES;
				CLANG_WARN_SUSPICIOUS_MOVE = YES;
				CLANG_WARN_UNGUARDED_AVAILABILITY = YES_AGGRESSIVE;
				CLANG_WARN_UNREACHABLE_CODE = YES;
				CLANG_WARN__DUPLICATE_METHOD_MATCH = YES;
				COPY_PHASE_STRIP = NO;
				DEBUG_INFORMATION_FORMAT = dwarf;
				ENABLE_STRICT_OBJC_MSGSEND = YES;
				ENABLE_TESTABILITY = YES;
				ENABLE_USER_SCRIPT_SANDBOXING = YES;
				GCC_C_LANGUAGE_STANDARD = gnu17;
				GCC_DYNAMIC_NO_PIC = NO;
				GCC_NO_COMMON_BLOCKS = YES;
				GCC_OPTIMIZATION_LEVEL = 0;
				GCC_PREPROCESSOR_DEFINITIONS = (
					"DEBUG=1",
					"$(inherited)",
				);
				GCC_WARN_64_TO_32_BIT_CONVERSION = YES;
				GCC_WARN_ABOUT_RETURN_TYPE = YES_ERROR;
				GCC_WARN_UNDECLARED_SELECTOR = YES;
				GCC_WARN_UNINITIALIZED_AUTOS = YES_AGGRESSIVE;
				GCC_WARN_UNUSED_FUNCTION = YES;
				GCC_WARN_UNUSED_VARIABLE = YES;
				IPHONEOS_DEPLOYMENT_TARGET = 14.0;
				LOCALIZATION_PREFERS_STRING_CATALOGS = YES;
				MTL_ENABLE_DEBUG_INFO = INCLUDE_SOURCE;
				MTL_FAST_MATH = YES;
				ONLY_ACTIVE_ARCH = YES;
				SDKROOT = iphoneos;
				SWIFT_ACTIVE_COMPILATION_CONDITIONS = "DEBUG $(inherited)";
				SWIFT_OPTIMIZATION_LEVEL = "-Onone";
			};
			name = Debug;
		};
		55DD64B72B77C8A8002B9842 /* Release */ = {
			isa = XCBuildConfiguration;
			buildSettings = {
				ALWAYS_SEARCH_USER_PATHS = NO;
				ASSETCATALOG_COMPILER_GENERATE_SWIFT_ASSET_SYMBOL_EXTENSIONS = YES;
				CLANG_ANALYZER_NONNULL = YES;
				CLANG_ANALYZER_NUMBER_OBJECT_CONVERSION = YES_AGGRESSIVE;
				CLANG_CXX_LANGUAGE_STANDARD = "gnu++20";
				CLANG_ENABLE_MODULES = YES;
				CLANG_ENABLE_OBJC_ARC = YES;
				CLANG_ENABLE_OBJC_WEAK = YES;
				CLANG_WARN_BLOCK_CAPTURE_AUTORELEASING = YES;
				CLANG_WARN_BOOL_CONVERSION = YES;
				CLANG_WARN_COMMA = YES;
				CLANG_WARN_CONSTANT_CONVERSION = YES;
				CLANG_WARN_DEPRECATED_OBJC_IMPLEMENTATIONS = YES;
				CLANG_WARN_DIRECT_OBJC_ISA_USAGE = YES_ERROR;
				CLANG_WARN_DOCUMENTATION_COMMENTS = YES;
				CLANG_WARN_EMPTY_BODY = YES;
				CLANG_WARN_ENUM_CONVERSION = YES;
				CLANG_WARN_INFINITE_RECURSION = YES;
				CLANG_WARN_INT_CONVERSION = YES;
				CLANG_WARN_NON_LITERAL_NULL_CONVERSION = YES;
				CLANG_WARN_OBJC_IMPLICIT_RETAIN_SELF = YES;
				CLANG_WARN_OBJC_LITERAL_CONVERSION = YES;
				CLANG_WARN_OBJC_ROOT_CLASS = YES_ERROR;
				CLANG_WARN_QUOTED_INCLUDE_IN_FRAMEWORK_HEADER = YES;
				CLANG_WARN_RANGE_LOOP_ANALYSIS = YES;
				CLANG_WARN_STRICT_PROTOTYPES = YES;
				CLANG_WARN_SUSPICIOUS_MOVE = YES;
				CLANG_WARN_UNGUARDED_AVAILABILITY = YES_AGGRESSIVE;
				CLANG_WARN_UNREACHABLE_CODE = YES;
				CLANG_WARN__DUPLICATE_METHOD_MATCH = YES;
				COPY_PHASE_STRIP = NO;
				DEBUG_INFORMATION_FORMAT = "dwarf-with-dsym";
				ENABLE_NS_ASSERTIONS = NO;
				ENABLE_STRICT_OBJC_MSGSEND = YES;
				ENABLE_USER_SCRIPT_SANDBOXING = YES;
				GCC_C_LANGUAGE_STANDARD = gnu17;
				GCC_NO_COMMON_BLOCKS = YES;
				GCC_WARN_64_TO_32_BIT_CONVERSION = YES;
				GCC_WARN_ABOUT_RETURN_TYPE = YES_ERROR;
				GCC_WARN_UNDECLARED_SELECTOR = YES;
				GCC_WARN_UNINITIALIZED_AUTOS = YES_AGGRESSIVE;
				GCC_WARN_UNUSED_FUNCTION = YES;
				GCC_WARN_UNUSED_VARIABLE = YES;
				IPHONEOS_DEPLOYMENT_TARGET = 14.0;
				LOCALIZATION_PREFERS_STRING_CATALOGS = YES;
				MTL_ENABLE_DEBUG_INFO = NO;
				MTL_FAST_MATH = YES;
				SDKROOT = iphoneos;
				SWIFT_COMPILATION_MODE = wholemodule;
				VALIDATE_PRODUCT = YES;
			};
			name = Release;
		};
		55DD64B92B77C8A8002B9842 /* Debug */ = {
			isa = XCBuildConfiguration;
			buildSettings = {
				ASSETCATALOG_COMPILER_APPICON_NAME = AppIcon;
				ASSETCATALOG_COMPILER_GLOBAL_ACCENT_COLOR_NAME = AccentColor;
				CODE_SIGN_STYLE = Automatic;
				CURRENT_PROJECT_VERSION = 1;
				DEVELOPMENT_TEAM = 7MQF3GGWS3;
				GENERATE_INFOPLIST_FILE = YES;
				INFOPLIST_FILE = "Standoff-CaseSimulator/Application/Info.plist";
				INFOPLIST_KEY_UIApplicationSupportsIndirectInputEvents = YES;
				INFOPLIST_KEY_UILaunchStoryboardName = LaunchScreen;
				INFOPLIST_KEY_UISupportedInterfaceOrientations = "UIInterfaceOrientationLandscapeLeft UIInterfaceOrientationLandscapeRight";
				INFOPLIST_KEY_UISupportedInterfaceOrientations_iPad = "UIInterfaceOrientationLandscapeLeft UIInterfaceOrientationLandscapeRight UIInterfaceOrientationPortrait UIInterfaceOrientationPortraitUpsideDown";
				IPHONEOS_DEPLOYMENT_TARGET = 16.0;
				LD_RUNPATH_SEARCH_PATHS = (
					"$(inherited)",
					"@executable_path/Frameworks",
				);
				MARKETING_VERSION = 1.0;
				PRODUCT_BUNDLE_IDENTIFIER = "andrey.Standoff-CaseSimulator";
				PRODUCT_NAME = "$(TARGET_NAME)";
				SWIFT_EMIT_LOC_STRINGS = YES;
				SWIFT_VERSION = 5.0;
				TARGETED_DEVICE_FAMILY = "1,2";
			};
			name = Debug;
		};
		55DD64BA2B77C8A8002B9842 /* Release */ = {
			isa = XCBuildConfiguration;
			buildSettings = {
				ASSETCATALOG_COMPILER_APPICON_NAME = AppIcon;
				ASSETCATALOG_COMPILER_GLOBAL_ACCENT_COLOR_NAME = AccentColor;
				CODE_SIGN_STYLE = Automatic;
				CURRENT_PROJECT_VERSION = 1;
				DEVELOPMENT_TEAM = 7MQF3GGWS3;
				GENERATE_INFOPLIST_FILE = YES;
				INFOPLIST_FILE = "Standoff-CaseSimulator/Application/Info.plist";
				INFOPLIST_KEY_UIApplicationSupportsIndirectInputEvents = YES;
				INFOPLIST_KEY_UILaunchStoryboardName = LaunchScreen;
				INFOPLIST_KEY_UISupportedInterfaceOrientations = "UIInterfaceOrientationLandscapeLeft UIInterfaceOrientationLandscapeRight";
				INFOPLIST_KEY_UISupportedInterfaceOrientations_iPad = "UIInterfaceOrientationLandscapeLeft UIInterfaceOrientationLandscapeRight UIInterfaceOrientationPortrait UIInterfaceOrientationPortraitUpsideDown";
				IPHONEOS_DEPLOYMENT_TARGET = 16.0;
				LD_RUNPATH_SEARCH_PATHS = (
					"$(inherited)",
					"@executable_path/Frameworks",
				);
				MARKETING_VERSION = 1.0;
				PRODUCT_BUNDLE_IDENTIFIER = "andrey.Standoff-CaseSimulator";
				PRODUCT_NAME = "$(TARGET_NAME)";
				SWIFT_EMIT_LOC_STRINGS = YES;
				SWIFT_VERSION = 5.0;
				TARGETED_DEVICE_FAMILY = "1,2";
			};
			name = Release;
		};
/* End XCBuildConfiguration section */

/* Begin XCConfigurationList section */
		55DD649F2B77C8A5002B9842 /* Build configuration list for PBXProject "Standoff-CaseSimulator" */ = {
			isa = XCConfigurationList;
			buildConfigurations = (
				55DD64B62B77C8A8002B9842 /* Debug */,
				55DD64B72B77C8A8002B9842 /* Release */,
			);
			defaultConfigurationIsVisible = 0;
			defaultConfigurationName = Release;
		};
		55DD64B82B77C8A8002B9842 /* Build configuration list for PBXNativeTarget "Standoff-CaseSimulator" */ = {
			isa = XCConfigurationList;
			buildConfigurations = (
				55DD64B92B77C8A8002B9842 /* Debug */,
				55DD64BA2B77C8A8002B9842 /* Release */,
			);
			defaultConfigurationIsVisible = 0;
			defaultConfigurationName = Release;
		};
/* End XCConfigurationList section */
	};
	rootObject = 55DD649C2B77C8A5002B9842 /* Project object */;
}
