// !$*UTF8*$!
{
	archiveVersion = 1;
	classes = {
	};
	objectVersion = 56;
	objects = {

/* Begin PBXBuildFile section */
		557F1F382B7E5B1300ADFE4B /* WeaponNavigationBar.swift in Sources */ = {isa = PBXBuildFile; fileRef = 557F1F372B7E5B1200ADFE4B /* WeaponNavigationBar.swift */; };
		557F1F3B2B7E5B6600ADFE4B /* GoldCurrencyView.swift in Sources */ = {isa = PBXBuildFile; fileRef = 557F1F3A2B7E5B6600ADFE4B /* GoldCurrencyView.swift */; };
		557F1F452B7E5FFD00ADFE4B /* InventoryModuleBuilder.swift in Sources */ = {isa = PBXBuildFile; fileRef = 557F1F402B7E5FFD00ADFE4B /* InventoryModuleBuilder.swift */; };
		557F1F462B7E5FFD00ADFE4B /* InventoryPresenter.swift in Sources */ = {isa = PBXBuildFile; fileRef = 557F1F412B7E5FFD00ADFE4B /* InventoryPresenter.swift */; };
		557F1F472B7E5FFD00ADFE4B /* InventoryRouter.swift in Sources */ = {isa = PBXBuildFile; fileRef = 557F1F422B7E5FFD00ADFE4B /* InventoryRouter.swift */; };
		557F1F482B7E5FFD00ADFE4B /* InventoryViewController.swift in Sources */ = {isa = PBXBuildFile; fileRef = 557F1F432B7E5FFD00ADFE4B /* InventoryViewController.swift */; };
		557F1F492B7E5FFD00ADFE4B /* InventoryInteractor.swift in Sources */ = {isa = PBXBuildFile; fileRef = 557F1F442B7E5FFD00ADFE4B /* InventoryInteractor.swift */; };
		557F1F4F2B7E600900ADFE4B /* ShopModuleBuilder.swift in Sources */ = {isa = PBXBuildFile; fileRef = 557F1F4A2B7E600900ADFE4B /* ShopModuleBuilder.swift */; };
		557F1F502B7E600900ADFE4B /* ShopPresenter.swift in Sources */ = {isa = PBXBuildFile; fileRef = 557F1F4B2B7E600900ADFE4B /* ShopPresenter.swift */; };
		557F1F512B7E600900ADFE4B /* ShopRouter.swift in Sources */ = {isa = PBXBuildFile; fileRef = 557F1F4C2B7E600900ADFE4B /* ShopRouter.swift */; };
		557F1F522B7E600900ADFE4B /* ShopViewController.swift in Sources */ = {isa = PBXBuildFile; fileRef = 557F1F4D2B7E600900ADFE4B /* ShopViewController.swift */; };
		557F1F532B7E600900ADFE4B /* ShopInteractor.swift in Sources */ = {isa = PBXBuildFile; fileRef = 557F1F4E2B7E600900ADFE4B /* ShopInteractor.swift */; };
		557F1F592B7E601300ADFE4B /* MarketModuleBuilder.swift in Sources */ = {isa = PBXBuildFile; fileRef = 557F1F542B7E601300ADFE4B /* MarketModuleBuilder.swift */; };
		557F1F5A2B7E601300ADFE4B /* MarketPresenter.swift in Sources */ = {isa = PBXBuildFile; fileRef = 557F1F552B7E601300ADFE4B /* MarketPresenter.swift */; };
		557F1F5B2B7E601300ADFE4B /* MarketRouter.swift in Sources */ = {isa = PBXBuildFile; fileRef = 557F1F562B7E601300ADFE4B /* MarketRouter.swift */; };
		557F1F5C2B7E601300ADFE4B /* MarketViewController.swift in Sources */ = {isa = PBXBuildFile; fileRef = 557F1F572B7E601300ADFE4B /* MarketViewController.swift */; };
		557F1F5D2B7E601300ADFE4B /* MarketInteractor.swift in Sources */ = {isa = PBXBuildFile; fileRef = 557F1F582B7E601300ADFE4B /* MarketInteractor.swift */; };
		557F1F622B7F6DC100ADFE4B /* InventoryView.swift in Sources */ = {isa = PBXBuildFile; fileRef = 557F1F612B7F6DC100ADFE4B /* InventoryView.swift */; };
		557F1F652B80B17200ADFE4B /* InventoryCollectionViewCell.swift in Sources */ = {isa = PBXBuildFile; fileRef = 557F1F642B80B17200ADFE4B /* InventoryCollectionViewCell.swift */; };
		55DD64A82B77C8A5002B9842 /* AppDelegate.swift in Sources */ = {isa = PBXBuildFile; fileRef = 55DD64A72B77C8A5002B9842 /* AppDelegate.swift */; };
		55DD64AA2B77C8A5002B9842 /* SceneDelegate.swift in Sources */ = {isa = PBXBuildFile; fileRef = 55DD64A92B77C8A5002B9842 /* SceneDelegate.swift */; };
		55DD64B12B77C8A8002B9842 /* Assets.xcassets in Resources */ = {isa = PBXBuildFile; fileRef = 55DD64B02B77C8A8002B9842 /* Assets.xcassets */; };
		55DD64B42B77C8A8002B9842 /* LaunchScreen.storyboard in Resources */ = {isa = PBXBuildFile; fileRef = 55DD64B22B77C8A8002B9842 /* LaunchScreen.storyboard */; };
		55DD64C02B77C8B8002B9842 /* ProfileModuleBuilder.swift in Sources */ = {isa = PBXBuildFile; fileRef = 55DD64BB2B77C8B8002B9842 /* ProfileModuleBuilder.swift */; };
		55DD64C12B77C8B8002B9842 /* ProfilePresenter.swift in Sources */ = {isa = PBXBuildFile; fileRef = 55DD64BC2B77C8B8002B9842 /* ProfilePresenter.swift */; };
		55DD64C22B77C8B8002B9842 /* ProfileRouter.swift in Sources */ = {isa = PBXBuildFile; fileRef = 55DD64BD2B77C8B8002B9842 /* ProfileRouter.swift */; };
		55DD64C32B77C8B8002B9842 /* ProfileViewController.swift in Sources */ = {isa = PBXBuildFile; fileRef = 55DD64BE2B77C8B8002B9842 /* ProfileViewController.swift */; };
		55DD64C42B77C8B8002B9842 /* ProfileInteractor.swift in Sources */ = {isa = PBXBuildFile; fileRef = 55DD64BF2B77C8B8002B9842 /* ProfileInteractor.swift */; };
		55DD64CB2B77C8CD002B9842 /* WeaponModuleBuilder.swift in Sources */ = {isa = PBXBuildFile; fileRef = 55DD64C62B77C8CD002B9842 /* WeaponModuleBuilder.swift */; };
		55DD64CC2B77C8CD002B9842 /* WeaponPresenter.swift in Sources */ = {isa = PBXBuildFile; fileRef = 55DD64C72B77C8CD002B9842 /* WeaponPresenter.swift */; };
		55DD64CD2B77C8CD002B9842 /* WeaponRouter.swift in Sources */ = {isa = PBXBuildFile; fileRef = 55DD64C82B77C8CD002B9842 /* WeaponRouter.swift */; };
		55DD64CE2B77C8CD002B9842 /* WeaponViewController.swift in Sources */ = {isa = PBXBuildFile; fileRef = 55DD64C92B77C8CD002B9842 /* WeaponViewController.swift */; };
		55DD64CF2B77C8CD002B9842 /* WeaponInteractor.swift in Sources */ = {isa = PBXBuildFile; fileRef = 55DD64CA2B77C8CD002B9842 /* WeaponInteractor.swift */; };
		55DD64D62B77C8E9002B9842 /* GameModuleBuilder.swift in Sources */ = {isa = PBXBuildFile; fileRef = 55DD64D12B77C8E9002B9842 /* GameModuleBuilder.swift */; };
		55DD64D72B77C8E9002B9842 /* GamePresenter.swift in Sources */ = {isa = PBXBuildFile; fileRef = 55DD64D22B77C8E9002B9842 /* GamePresenter.swift */; };
		55DD64D82B77C8E9002B9842 /* GameRouter.swift in Sources */ = {isa = PBXBuildFile; fileRef = 55DD64D32B77C8E9002B9842 /* GameRouter.swift */; };
		55DD64D92B77C8E9002B9842 /* GameViewController.swift in Sources */ = {isa = PBXBuildFile; fileRef = 55DD64D42B77C8E9002B9842 /* GameViewController.swift */; };
		55DD64DA2B77C8E9002B9842 /* GameInteractor.swift in Sources */ = {isa = PBXBuildFile; fileRef = 55DD64D52B77C8E9002B9842 /* GameInteractor.swift */; };
		55DD64F62B77CA90002B9842 /* ContainerViewController.swift in Sources */ = {isa = PBXBuildFile; fileRef = 55DD64F12B77CA90002B9842 /* ContainerViewController.swift */; };
		55DD64F72B77CA90002B9842 /* SideTabBar.swift in Sources */ = {isa = PBXBuildFile; fileRef = 55DD64F42B77CA90002B9842 /* SideTabBar.swift */; };
		55DD64F82B77CA90002B9842 /* SideTabBarItem.swift in Sources */ = {isa = PBXBuildFile; fileRef = 55DD64F32B77CA90002B9842 /* SideTabBarItem.swift */; };
		55DD64FA2B77CAAD002B9842 /* CALayer + Ext.swift in Sources */ = {isa = PBXBuildFile; fileRef = 55DD64F92B77CAAD002B9842 /* CALayer + Ext.swift */; };
		55DD65002B78CC3F002B9842 /* SideBarModuleBuilder.swift in Sources */ = {isa = PBXBuildFile; fileRef = 55DD64FB2B78CC3F002B9842 /* SideBarModuleBuilder.swift */; };
		55DD65012B78CC3F002B9842 /* SideBarPresenter.swift in Sources */ = {isa = PBXBuildFile; fileRef = 55DD64FC2B78CC3F002B9842 /* SideBarPresenter.swift */; };
		55DD65022B78CC3F002B9842 /* SideBarRouter.swift in Sources */ = {isa = PBXBuildFile; fileRef = 55DD64FD2B78CC3F002B9842 /* SideBarRouter.swift */; };
		55DD65032B78CC3F002B9842 /* SideBarViewController.swift in Sources */ = {isa = PBXBuildFile; fileRef = 55DD64FE2B78CC3F002B9842 /* SideBarViewController.swift */; };
		55DD65042B78CC3F002B9842 /* SideBarInteractor.swift in Sources */ = {isa = PBXBuildFile; fileRef = 55DD64FF2B78CC3F002B9842 /* SideBarInteractor.swift */; };
		55DD65062B78D39C002B9842 /* UIView + Ext.swift in Sources */ = {isa = PBXBuildFile; fileRef = 55DD65052B78D39C002B9842 /* UIView + Ext.swift */; };
		55DD65082B78D406002B9842 /* UIViewController + Ext.swift in Sources */ = {isa = PBXBuildFile; fileRef = 55DD65072B78D406002B9842 /* UIViewController + Ext.swift */; };
/* End PBXBuildFile section */

/* Begin PBXFileReference section */
		557F1F372B7E5B1200ADFE4B /* WeaponNavigationBar.swift */ = {isa = PBXFileReference; lastKnownFileType = sourcecode.swift; path = WeaponNavigationBar.swift; sourceTree = "<group>"; };
		557F1F3A2B7E5B6600ADFE4B /* GoldCurrencyView.swift */ = {isa = PBXFileReference; lastKnownFileType = sourcecode.swift; path = GoldCurrencyView.swift; sourceTree = "<group>"; };
		557F1F402B7E5FFD00ADFE4B /* InventoryModuleBuilder.swift */ = {isa = PBXFileReference; lastKnownFileType = sourcecode.swift; path = InventoryModuleBuilder.swift; sourceTree = "<group>"; };
		557F1F412B7E5FFD00ADFE4B /* InventoryPresenter.swift */ = {isa = PBXFileReference; lastKnownFileType = sourcecode.swift; path = InventoryPresenter.swift; sourceTree = "<group>"; };
		557F1F422B7E5FFD00ADFE4B /* InventoryRouter.swift */ = {isa = PBXFileReference; lastKnownFileType = sourcecode.swift; path = InventoryRouter.swift; sourceTree = "<group>"; };
		557F1F432B7E5FFD00ADFE4B /* InventoryViewController.swift */ = {isa = PBXFileReference; lastKnownFileType = sourcecode.swift; path = InventoryViewController.swift; sourceTree = "<group>"; };
		557F1F442B7E5FFD00ADFE4B /* InventoryInteractor.swift */ = {isa = PBXFileReference; lastKnownFileType = sourcecode.swift; path = InventoryInteractor.swift; sourceTree = "<group>"; };
		557F1F4A2B7E600900ADFE4B /* ShopModuleBuilder.swift */ = {isa = PBXFileReference; lastKnownFileType = sourcecode.swift; path = ShopModuleBuilder.swift; sourceTree = "<group>"; };
		557F1F4B2B7E600900ADFE4B /* ShopPresenter.swift */ = {isa = PBXFileReference; lastKnownFileType = sourcecode.swift; path = ShopPresenter.swift; sourceTree = "<group>"; };
		557F1F4C2B7E600900ADFE4B /* ShopRouter.swift */ = {isa = PBXFileReference; lastKnownFileType = sourcecode.swift; path = ShopRouter.swift; sourceTree = "<group>"; };
		557F1F4D2B7E600900ADFE4B /* ShopViewController.swift */ = {isa = PBXFileReference; lastKnownFileType = sourcecode.swift; path = ShopViewController.swift; sourceTree = "<group>"; };
		557F1F4E2B7E600900ADFE4B /* ShopInteractor.swift */ = {isa = PBXFileReference; lastKnownFileType = sourcecode.swift; path = ShopInteractor.swift; sourceTree = "<group>"; };
		557F1F542B7E601300ADFE4B /* MarketModuleBuilder.swift */ = {isa = PBXFileReference; lastKnownFileType = sourcecode.swift; path = MarketModuleBuilder.swift; sourceTree = "<group>"; };
		557F1F552B7E601300ADFE4B /* MarketPresenter.swift */ = {isa = PBXFileReference; lastKnownFileType = sourcecode.swift; path = MarketPresenter.swift; sourceTree = "<group>"; };
		557F1F562B7E601300ADFE4B /* MarketRouter.swift */ = {isa = PBXFileReference; lastKnownFileType = sourcecode.swift; path = MarketRouter.swift; sourceTree = "<group>"; };
		557F1F572B7E601300ADFE4B /* MarketViewController.swift */ = {isa = PBXFileReference; lastKnownFileType = sourcecode.swift; path = MarketViewController.swift; sourceTree = "<group>"; };
		557F1F582B7E601300ADFE4B /* MarketInteractor.swift */ = {isa = PBXFileReference; lastKnownFileType = sourcecode.swift; path = MarketInteractor.swift; sourceTree = "<group>"; };
		557F1F612B7F6DC100ADFE4B /* InventoryView.swift */ = {isa = PBXFileReference; lastKnownFileType = sourcecode.swift; path = InventoryView.swift; sourceTree = "<group>"; };
		557F1F642B80B17200ADFE4B /* InventoryCollectionViewCell.swift */ = {isa = PBXFileReference; lastKnownFileType = sourcecode.swift; path = InventoryCollectionViewCell.swift; sourceTree = "<group>"; };
		55DD64A42B77C8A5002B9842 /* Standoff-CaseSimulator.app */ = {isa = PBXFileReference; explicitFileType = wrapper.application; includeInIndex = 0; path = "Standoff-CaseSimulator.app"; sourceTree = BUILT_PRODUCTS_DIR; };
		55DD64A72B77C8A5002B9842 /* AppDelegate.swift */ = {isa = PBXFileReference; lastKnownFileType = sourcecode.swift; path = AppDelegate.swift; sourceTree = "<group>"; };
		55DD64A92B77C8A5002B9842 /* SceneDelegate.swift */ = {isa = PBXFileReference; lastKnownFileType = sourcecode.swift; path = SceneDelegate.swift; sourceTree = "<group>"; };
		55DD64B02B77C8A8002B9842 /* Assets.xcassets */ = {isa = PBXFileReference; lastKnownFileType = folder.assetcatalog; path = Assets.xcassets; sourceTree = "<group>"; };
		55DD64B32B77C8A8002B9842 /* Base */ = {isa = PBXFileReference; lastKnownFileType = file.storyboard; name = Base; path = Base.lproj/LaunchScreen.storyboard; sourceTree = "<group>"; };
		55DD64B52B77C8A8002B9842 /* Info.plist */ = {isa = PBXFileReference; lastKnownFileType = text.plist.xml; path = Info.plist; sourceTree = "<group>"; };
		55DD64BB2B77C8B8002B9842 /* ProfileModuleBuilder.swift */ = {isa = PBXFileReference; lastKnownFileType = sourcecode.swift; path = ProfileModuleBuilder.swift; sourceTree = "<group>"; };
		55DD64BC2B77C8B8002B9842 /* ProfilePresenter.swift */ = {isa = PBXFileReference; lastKnownFileType = sourcecode.swift; path = ProfilePresenter.swift; sourceTree = "<group>"; };
		55DD64BD2B77C8B8002B9842 /* ProfileRouter.swift */ = {isa = PBXFileReference; lastKnownFileType = sourcecode.swift; path = ProfileRouter.swift; sourceTree = "<group>"; };
		55DD64BE2B77C8B8002B9842 /* ProfileViewController.swift */ = {isa = PBXFileReference; lastKnownFileType = sourcecode.swift; path = ProfileViewController.swift; sourceTree = "<group>"; };
		55DD64BF2B77C8B8002B9842 /* ProfileInteractor.swift */ = {isa = PBXFileReference; lastKnownFileType = sourcecode.swift; path = ProfileInteractor.swift; sourceTree = "<group>"; };
		55DD64C62B77C8CD002B9842 /* WeaponModuleBuilder.swift */ = {isa = PBXFileReference; lastKnownFileType = sourcecode.swift; path = WeaponModuleBuilder.swift; sourceTree = "<group>"; };
		55DD64C72B77C8CD002B9842 /* WeaponPresenter.swift */ = {isa = PBXFileReference; lastKnownFileType = sourcecode.swift; path = WeaponPresenter.swift; sourceTree = "<group>"; };
		55DD64C82B77C8CD002B9842 /* WeaponRouter.swift */ = {isa = PBXFileReference; lastKnownFileType = sourcecode.swift; path = WeaponRouter.swift; sourceTree = "<group>"; };
		55DD64C92B77C8CD002B9842 /* WeaponViewController.swift */ = {isa = PBXFileReference; lastKnownFileType = sourcecode.swift; path = WeaponViewController.swift; sourceTree = "<group>"; };
		55DD64CA2B77C8CD002B9842 /* WeaponInteractor.swift */ = {isa = PBXFileReference; lastKnownFileType = sourcecode.swift; path = WeaponInteractor.swift; sourceTree = "<group>"; };
		55DD64D12B77C8E9002B9842 /* GameModuleBuilder.swift */ = {isa = PBXFileReference; lastKnownFileType = sourcecode.swift; path = GameModuleBuilder.swift; sourceTree = "<group>"; };
		55DD64D22B77C8E9002B9842 /* GamePresenter.swift */ = {isa = PBXFileReference; lastKnownFileType = sourcecode.swift; path = GamePresenter.swift; sourceTree = "<group>"; };
		55DD64D32B77C8E9002B9842 /* GameRouter.swift */ = {isa = PBXFileReference; lastKnownFileType = sourcecode.swift; path = GameRouter.swift; sourceTree = "<group>"; };
		55DD64D42B77C8E9002B9842 /* GameViewController.swift */ = {isa = PBXFileReference; lastKnownFileType = sourcecode.swift; path = GameViewController.swift; sourceTree = "<group>"; };
		55DD64D52B77C8E9002B9842 /* GameInteractor.swift */ = {isa = PBXFileReference; lastKnownFileType = sourcecode.swift; path = GameInteractor.swift; sourceTree = "<group>"; };
		55DD64F12B77CA90002B9842 /* ContainerViewController.swift */ = {isa = PBXFileReference; lastKnownFileType = sourcecode.swift; path = ContainerViewController.swift; sourceTree = "<group>"; };
		55DD64F32B77CA90002B9842 /* SideTabBarItem.swift */ = {isa = PBXFileReference; lastKnownFileType = sourcecode.swift; path = SideTabBarItem.swift; sourceTree = "<group>"; };
		55DD64F42B77CA90002B9842 /* SideTabBar.swift */ = {isa = PBXFileReference; lastKnownFileType = sourcecode.swift; path = SideTabBar.swift; sourceTree = "<group>"; };
		55DD64F92B77CAAD002B9842 /* CALayer + Ext.swift */ = {isa = PBXFileReference; lastKnownFileType = sourcecode.swift; path = "CALayer + Ext.swift"; sourceTree = "<group>"; };
		55DD64FB2B78CC3F002B9842 /* SideBarModuleBuilder.swift */ = {isa = PBXFileReference; lastKnownFileType = sourcecode.swift; path = SideBarModuleBuilder.swift; sourceTree = "<group>"; };
		55DD64FC2B78CC3F002B9842 /* SideBarPresenter.swift */ = {isa = PBXFileReference; lastKnownFileType = sourcecode.swift; path = SideBarPresenter.swift; sourceTree = "<group>"; };
		55DD64FD2B78CC3F002B9842 /* SideBarRouter.swift */ = {isa = PBXFileReference; lastKnownFileType = sourcecode.swift; path = SideBarRouter.swift; sourceTree = "<group>"; };
		55DD64FE2B78CC3F002B9842 /* SideBarViewController.swift */ = {isa = PBXFileReference; lastKnownFileType = sourcecode.swift; path = SideBarViewController.swift; sourceTree = "<group>"; };
		55DD64FF2B78CC3F002B9842 /* SideBarInteractor.swift */ = {isa = PBXFileReference; lastKnownFileType = sourcecode.swift; path = SideBarInteractor.swift; sourceTree = "<group>"; };
		55DD65052B78D39C002B9842 /* UIView + Ext.swift */ = {isa = PBXFileReference; lastKnownFileType = sourcecode.swift; path = "UIView + Ext.swift"; sourceTree = "<group>"; };
		55DD65072B78D406002B9842 /* UIViewController + Ext.swift */ = {isa = PBXFileReference; lastKnownFileType = sourcecode.swift; path = "UIViewController + Ext.swift"; sourceTree = "<group>"; };
/* End PBXFileReference section */

/* Begin PBXFrameworksBuildPhase section */
		55DD64A12B77C8A5002B9842 /* Frameworks */ = {
			isa = PBXFrameworksBuildPhase;
			buildActionMask = 2147483647;
			files = (
			);
			runOnlyForDeploymentPostprocessing = 0;
		};
/* End PBXFrameworksBuildPhase section */

/* Begin PBXGroup section */
		557F1F392B7E5B1D00ADFE4B /* Views */ = {
			isa = PBXGroup;
			children = (
				557F1F372B7E5B1200ADFE4B /* WeaponNavigationBar.swift */,
				557F1F3A2B7E5B6600ADFE4B /* GoldCurrencyView.swift */,
			);
			path = Views;
			sourceTree = "<group>";
		};
		557F1F3C2B7E5F9600ADFE4B /* Inventory */ = {
			isa = PBXGroup;
			children = (
				557F1F602B7F6DA600ADFE4B /* Views */,
				557F1F402B7E5FFD00ADFE4B /* InventoryModuleBuilder.swift */,
				557F1F412B7E5FFD00ADFE4B /* InventoryPresenter.swift */,
				557F1F422B7E5FFD00ADFE4B /* InventoryRouter.swift */,
				557F1F432B7E5FFD00ADFE4B /* InventoryViewController.swift */,
				557F1F442B7E5FFD00ADFE4B /* InventoryInteractor.swift */,
			);
			path = Inventory;
			sourceTree = "<group>";
		};
		557F1F3D2B7E5FA900ADFE4B /* Shop */ = {
			isa = PBXGroup;
			children = (
				557F1F4A2B7E600900ADFE4B /* ShopModuleBuilder.swift */,
				557F1F4B2B7E600900ADFE4B /* ShopPresenter.swift */,
				557F1F4C2B7E600900ADFE4B /* ShopRouter.swift */,
				557F1F4D2B7E600900ADFE4B /* ShopViewController.swift */,
				557F1F4E2B7E600900ADFE4B /* ShopInteractor.swift */,
			);
			path = Shop;
			sourceTree = "<group>";
		};
		557F1F3E2B7E5FB600ADFE4B /* Market */ = {
			isa = PBXGroup;
			children = (
				557F1F542B7E601300ADFE4B /* MarketModuleBuilder.swift */,
				557F1F552B7E601300ADFE4B /* MarketPresenter.swift */,
				557F1F562B7E601300ADFE4B /* MarketRouter.swift */,
				557F1F572B7E601300ADFE4B /* MarketViewController.swift */,
				557F1F582B7E601300ADFE4B /* MarketInteractor.swift */,
			);
			path = Market;
			sourceTree = "<group>";
		};
		557F1F3F2B7E5FE800ADFE4B /* Child Controller's */ = {
			isa = PBXGroup;
			children = (
				557F1F3C2B7E5F9600ADFE4B /* Inventory */,
				557F1F3D2B7E5FA900ADFE4B /* Shop */,
				557F1F3E2B7E5FB600ADFE4B /* Market */,
			);
			path = "Child Controller's";
			sourceTree = "<group>";
		};
		557F1F602B7F6DA600ADFE4B /* Views */ = {
			isa = PBXGroup;
			children = (
				557F1F632B80B13D00ADFE4B /* Cells */,
				557F1F612B7F6DC100ADFE4B /* InventoryView.swift */,
			);
			path = Views;
			sourceTree = "<group>";
		};
		557F1F632B80B13D00ADFE4B /* Cells */ = {
			isa = PBXGroup;
			children = (
				557F1F642B80B17200ADFE4B /* InventoryCollectionViewCell.swift */,
			);
			path = Cells;
			sourceTree = "<group>";
		};
		55DD649B2B77C8A5002B9842 = {
			isa = PBXGroup;
			children = (
				55DD64A62B77C8A5002B9842 /* Standoff-CaseSimulator */,
				55DD64A52B77C8A5002B9842 /* Products */,
			);
			sourceTree = "<group>";
		};
		55DD64A52B77C8A5002B9842 /* Products */ = {
			isa = PBXGroup;
			children = (
				55DD64A42B77C8A5002B9842 /* Standoff-CaseSimulator.app */,
			);
			name = Products;
			sourceTree = "<group>";
		};
		55DD64A62B77C8A5002B9842 /* Standoff-CaseSimulator */ = {
			isa = PBXGroup;
			children = (
				55DD64F12B77CA90002B9842 /* ContainerViewController.swift */,
				55DD64DE2B77C9E2002B9842 /* SideBar */,
				55DD64C52B77C8BD002B9842 /* Profile */,
				55DD64D02B77C8D2002B9842 /* Weapon */,
				55DD64DB2B77C8EE002B9842 /* Game */,
				55DD64DC2B77C902002B9842 /* Application */,
				55DD64DD2B77C918002B9842 /* Resources */,
				55DD64E72B77CA3E002B9842 /* Core */,
			);
			path = "Standoff-CaseSimulator";
			sourceTree = "<group>";
		};
		55DD64C52B77C8BD002B9842 /* Profile */ = {
			isa = PBXGroup;
			children = (
				55DD64BB2B77C8B8002B9842 /* ProfileModuleBuilder.swift */,
				55DD64BC2B77C8B8002B9842 /* ProfilePresenter.swift */,
				55DD64BD2B77C8B8002B9842 /* ProfileRouter.swift */,
				55DD64BE2B77C8B8002B9842 /* ProfileViewController.swift */,
				55DD64BF2B77C8B8002B9842 /* ProfileInteractor.swift */,
			);
			path = Profile;
			sourceTree = "<group>";
		};
		55DD64D02B77C8D2002B9842 /* Weapon */ = {
			isa = PBXGroup;
			children = (
				55DD64C62B77C8CD002B9842 /* WeaponModuleBuilder.swift */,
				55DD64C72B77C8CD002B9842 /* WeaponPresenter.swift */,
				55DD64C82B77C8CD002B9842 /* WeaponRouter.swift */,
				55DD64C92B77C8CD002B9842 /* WeaponViewController.swift */,
				55DD64CA2B77C8CD002B9842 /* WeaponInteractor.swift */,
				557F1F3F2B7E5FE800ADFE4B /* Child Controller's */,
				557F1F392B7E5B1D00ADFE4B /* Views */,
			);
			path = Weapon;
			sourceTree = "<group>";
		};
		55DD64DB2B77C8EE002B9842 /* Game */ = {
			isa = PBXGroup;
			children = (
				55DD64D12B77C8E9002B9842 /* GameModuleBuilder.swift */,
				55DD64D22B77C8E9002B9842 /* GamePresenter.swift */,
				55DD64D32B77C8E9002B9842 /* GameRouter.swift */,
				55DD64D42B77C8E9002B9842 /* GameViewController.swift */,
				55DD64D52B77C8E9002B9842 /* GameInteractor.swift */,
			);
			path = Game;
			sourceTree = "<group>";
		};
		55DD64DC2B77C902002B9842 /* Application */ = {
			isa = PBXGroup;
			children = (
				55DD64A72B77C8A5002B9842 /* AppDelegate.swift */,
				55DD64A92B77C8A5002B9842 /* SceneDelegate.swift */,
				55DD64B52B77C8A8002B9842 /* Info.plist */,
			);
			path = Application;
			sourceTree = "<group>";
		};
		55DD64DD2B77C918002B9842 /* Resources */ = {
			isa = PBXGroup;
			children = (
				55DD64B02B77C8A8002B9842 /* Assets.xcassets */,
				55DD64B22B77C8A8002B9842 /* LaunchScreen.storyboard */,
			);
			path = Resources;
			sourceTree = "<group>";
		};
		55DD64DE2B77C9E2002B9842 /* SideBar */ = {
			isa = PBXGroup;
			children = (
				55DD64FB2B78CC3F002B9842 /* SideBarModuleBuilder.swift */,
				55DD64FC2B78CC3F002B9842 /* SideBarPresenter.swift */,
				55DD64FD2B78CC3F002B9842 /* SideBarRouter.swift */,
				55DD64FE2B78CC3F002B9842 /* SideBarViewController.swift */,
				55DD64FF2B78CC3F002B9842 /* SideBarInteractor.swift */,
				55DD650A2B7A3413002B9842 /* Views */,
			);
			path = SideBar;
			sourceTree = "<group>";
		};
		55DD64E72B77CA3E002B9842 /* Core */ = {
			isa = PBXGroup;
			children = (
				55DD64E82B77CA44002B9842 /* Extension */,
			);
			path = Core;
			sourceTree = "<group>";
		};
		55DD64E82B77CA44002B9842 /* Extension */ = {
			isa = PBXGroup;
			children = (
				55DD64F92B77CAAD002B9842 /* CALayer + Ext.swift */,
				55DD65052B78D39C002B9842 /* UIView + Ext.swift */,
				55DD65072B78D406002B9842 /* UIViewController + Ext.swift */,
			);
			path = Extension;
			sourceTree = "<group>";
		};
		55DD650A2B7A3413002B9842 /* Views */ = {
			isa = PBXGroup;
			children = (
				55DD64F42B77CA90002B9842 /* SideTabBar.swift */,
				55DD64F32B77CA90002B9842 /* SideTabBarItem.swift */,
			);
			path = Views;
			sourceTree = "<group>";
		};
/* End PBXGroup section */

/* Begin PBXNativeTarget section */
		55DD64A32B77C8A5002B9842 /* Standoff-CaseSimulator */ = {
			isa = PBXNativeTarget;
			buildConfigurationList = 55DD64B82B77C8A8002B9842 /* Build configuration list for PBXNativeTarget "Standoff-CaseSimulator" */;
			buildPhases = (
				55DD64A02B77C8A5002B9842 /* Sources */,
				55DD64A12B77C8A5002B9842 /* Frameworks */,
				55DD64A22B77C8A5002B9842 /* Resources */,
			);
			buildRules = (
			);
			dependencies = (
			);
			name = "Standoff-CaseSimulator";
			productName = "Standoff-CaseSimulator";
			productReference = 55DD64A42B77C8A5002B9842 /* Standoff-CaseSimulator.app */;
			productType = "com.apple.product-type.application";
		};
/* End PBXNativeTarget section */

/* Begin PBXProject section */
		55DD649C2B77C8A5002B9842 /* Project object */ = {
			isa = PBXProject;
			attributes = {
				BuildIndependentTargetsInParallel = 1;
				LastSwiftUpdateCheck = 1520;
				LastUpgradeCheck = 1520;
				TargetAttributes = {
					55DD64A32B77C8A5002B9842 = {
						CreatedOnToolsVersion = 15.2;
					};
				};
			};
			buildConfigurationList = 55DD649F2B77C8A5002B9842 /* Build configuration list for PBXProject "Standoff-CaseSimulator" */;
			compatibilityVersion = "Xcode 14.0";
			developmentRegion = en;
			hasScannedForEncodings = 0;
			knownRegions = (
				en,
				Base,
			);
			mainGroup = 55DD649B2B77C8A5002B9842;
			productRefGroup = 55DD64A52B77C8A5002B9842 /* Products */;
			projectDirPath = "";
			projectRoot = "";
			targets = (
				55DD64A32B77C8A5002B9842 /* Standoff-CaseSimulator */,
			);
		};
/* End PBXProject section */

/* Begin PBXResourcesBuildPhase section */
		55DD64A22B77C8A5002B9842 /* Resources */ = {
			isa = PBXResourcesBuildPhase;
			buildActionMask = 2147483647;
			files = (
				55DD64B42B77C8A8002B9842 /* LaunchScreen.storyboard in Resources */,
				55DD64B12B77C8A8002B9842 /* Assets.xcassets in Resources */,
			);
			runOnlyForDeploymentPostprocessing = 0;
		};
/* End PBXResourcesBuildPhase section */

/* Begin PBXSourcesBuildPhase section */
		55DD64A02B77C8A5002B9842 /* Sources */ = {
			isa = PBXSourcesBuildPhase;
			buildActionMask = 2147483647;
			files = (
				55DD64C22B77C8B8002B9842 /* ProfileRouter.swift in Sources */,
				557F1F472B7E5FFD00ADFE4B /* InventoryRouter.swift in Sources */,
				55DD64CE2B77C8CD002B9842 /* WeaponViewController.swift in Sources */,
				557F1F482B7E5FFD00ADFE4B /* InventoryViewController.swift in Sources */,
				557F1F532B7E600900ADFE4B /* ShopInteractor.swift in Sources */,
				55DD64F72B77CA90002B9842 /* SideTabBar.swift in Sources */,
				557F1F3B2B7E5B6600ADFE4B /* GoldCurrencyView.swift in Sources */,
				55DD64F82B77CA90002B9842 /* SideTabBarItem.swift in Sources */,
				557F1F652B80B17200ADFE4B /* InventoryCollectionViewCell.swift in Sources */,
				55DD64CF2B77C8CD002B9842 /* WeaponInteractor.swift in Sources */,
				55DD64F62B77CA90002B9842 /* ContainerViewController.swift in Sources */,
				55DD65032B78CC3F002B9842 /* SideBarViewController.swift in Sources */,
				55DD64CD2B77C8CD002B9842 /* WeaponRouter.swift in Sources */,
				557F1F5D2B7E601300ADFE4B /* MarketInteractor.swift in Sources */,
				557F1F5A2B7E601300ADFE4B /* MarketPresenter.swift in Sources */,
				55DD64A82B77C8A5002B9842 /* AppDelegate.swift in Sources */,
				55DD64D92B77C8E9002B9842 /* GameViewController.swift in Sources */,
				55DD65002B78CC3F002B9842 /* SideBarModuleBuilder.swift in Sources */,
				55DD65012B78CC3F002B9842 /* SideBarPresenter.swift in Sources */,
				55DD65042B78CC3F002B9842 /* SideBarInteractor.swift in Sources */,
				55DD64D82B77C8E9002B9842 /* GameRouter.swift in Sources */,
				557F1F522B7E600900ADFE4B /* ShopViewController.swift in Sources */,
				557F1F452B7E5FFD00ADFE4B /* InventoryModuleBuilder.swift in Sources */,
				55DD64AA2B77C8A5002B9842 /* SceneDelegate.swift in Sources */,
				55DD64D62B77C8E9002B9842 /* GameModuleBuilder.swift in Sources */,
				55DD64D72B77C8E9002B9842 /* GamePresenter.swift in Sources */,
				557F1F4F2B7E600900ADFE4B /* ShopModuleBuilder.swift in Sources */,
				55DD64CC2B77C8CD002B9842 /* WeaponPresenter.swift in Sources */,
				55DD64DA2B77C8E9002B9842 /* GameInteractor.swift in Sources */,
				55DD64CB2B77C8CD002B9842 /* WeaponModuleBuilder.swift in Sources */,
				55DD64C32B77C8B8002B9842 /* ProfileViewController.swift in Sources */,
				557F1F5B2B7E601300ADFE4B /* MarketRouter.swift in Sources */,
				55DD65062B78D39C002B9842 /* UIView + Ext.swift in Sources */,
				55DD64C12B77C8B8002B9842 /* ProfilePresenter.swift in Sources */,
				557F1F462B7E5FFD00ADFE4B /* InventoryPresenter.swift in Sources */,
				557F1F592B7E601300ADFE4B /* MarketModuleBuilder.swift in Sources */,
				55DD64FA2B77CAAD002B9842 /* CALayer + Ext.swift in Sources */,
				55DD64C42B77C8B8002B9842 /* ProfileInteractor.swift in Sources */,
				55DD65082B78D406002B9842 /* UIViewController + Ext.swift in Sources */,
				557F1F502B7E600900ADFE4B /* ShopPresenter.swift in Sources */,
				55DD65022B78CC3F002B9842 /* SideBarRouter.swift in Sources */,
				557F1F512B7E600900ADFE4B /* ShopRouter.swift in Sources */,
				557F1F622B7F6DC100ADFE4B /* InventoryView.swift in Sources */,
				557F1F5C2B7E601300ADFE4B /* MarketViewController.swift in Sources */,
				55DD64C02B77C8B8002B9842 /* ProfileModuleBuilder.swift in Sources */,
				557F1F382B7E5B1300ADFE4B /* WeaponNavigationBar.swift in Sources */,
				557F1F492B7E5FFD00ADFE4B /* InventoryInteractor.swift in Sources */,
			);
			runOnlyForDeploymentPostprocessing = 0;
		};
/* End PBXSourcesBuildPhase section */

/* Begin PBXVariantGroup section */
		55DD64B22B77C8A8002B9842 /* LaunchScreen.storyboard */ = {
			isa = PBXVariantGroup;
			children = (
				55DD64B32B77C8A8002B9842 /* Base */,
			);
			name = LaunchScreen.storyboard;
			sourceTree = "<group>";
		};
/* End PBXVariantGroup section */

/* Begin XCBuildConfiguration section */
		55DD64B62B77C8A8002B9842 /* Debug */ = {
			isa = XCBuildConfiguration;
			buildSettings = {
				ALWAYS_SEARCH_USER_PATHS = NO;
				ASSETCATALOG_COMPILER_GENERATE_SWIFT_ASSET_SYMBOL_EXTENSIONS = YES;
				CLANG_ANALYZER_NONNULL = YES;
				CLANG_ANALYZER_NUMBER_OBJECT_CONVERSION = YES_AGGRESSIVE;
				CLANG_CXX_LANGUAGE_STANDARD = "gnu++20";
				CLANG_ENABLE_MODULES = YES;
				CLANG_ENABLE_OBJC_ARC = YES;
				CLANG_ENABLE_OBJC_WEAK = YES;
				CLANG_WARN_BLOCK_CAPTURE_AUTORELEASING = YES;
				CLANG_WARN_BOOL_CONVERSION = YES;
				CLANG_WARN_COMMA = YES;
				CLANG_WARN_CONSTANT_CONVERSION = YES;
				CLANG_WARN_DEPRECATED_OBJC_IMPLEMENTATIONS = YES;
				CLANG_WARN_DIRECT_OBJC_ISA_USAGE = YES_ERROR;
				CLANG_WARN_DOCUMENTATION_COMMENTS = YES;
				CLANG_WARN_EMPTY_BODY = YES;
				CLANG_WARN_ENUM_CONVERSION = YES;
				CLANG_WARN_INFINITE_RECURSION = YES;
				CLANG_WARN_INT_CONVERSION = YES;
				CLANG_WARN_NON_LITERAL_NULL_CONVERSION = YES;
				CLANG_WARN_OBJC_IMPLICIT_RETAIN_SELF = YES;
				CLANG_WARN_OBJC_LITERAL_CONVERSION = YES;
				CLANG_WARN_OBJC_ROOT_CLASS = YES_ERROR;
				CLANG_WARN_QUOTED_INCLUDE_IN_FRAMEWORK_HEADER = YES;
				CLANG_WARN_RANGE_LOOP_ANALYSIS = YES;
				CLANG_WARN_STRICT_PROTOTYPES = YES;
				CLANG_WARN_SUSPICIOUS_MOVE = YES;
				CLANG_WARN_UNGUARDED_AVAILABILITY = YES_AGGRESSIVE;
				CLANG_WARN_UNREACHABLE_CODE = YES;
				CLANG_WARN__DUPLICATE_METHOD_MATCH = YES;
				COPY_PHASE_STRIP = NO;
				DEBUG_INFORMATION_FORMAT = dwarf;
				ENABLE_STRICT_OBJC_MSGSEND = YES;
				ENABLE_TESTABILITY = YES;
				ENABLE_USER_SCRIPT_SANDBOXING = YES;
				GCC_C_LANGUAGE_STANDARD = gnu17;
				GCC_DYNAMIC_NO_PIC = NO;
				GCC_NO_COMMON_BLOCKS = YES;
				GCC_OPTIMIZATION_LEVEL = 0;
				GCC_PREPROCESSOR_DEFINITIONS = (
					"DEBUG=1",
					"$(inherited)",
				);
				GCC_WARN_64_TO_32_BIT_CONVERSION = YES;
				GCC_WARN_ABOUT_RETURN_TYPE = YES_ERROR;
				GCC_WARN_UNDECLARED_SELECTOR = YES;
				GCC_WARN_UNINITIALIZED_AUTOS = YES_AGGRESSIVE;
				GCC_WARN_UNUSED_FUNCTION = YES;
				GCC_WARN_UNUSED_VARIABLE = YES;
				IPHONEOS_DEPLOYMENT_TARGET = 14.0;
				LOCALIZATION_PREFERS_STRING_CATALOGS = YES;
				MTL_ENABLE_DEBUG_INFO = INCLUDE_SOURCE;
				MTL_FAST_MATH = YES;
				ONLY_ACTIVE_ARCH = YES;
				SDKROOT = iphoneos;
				SWIFT_ACTIVE_COMPILATION_CONDITIONS = "DEBUG $(inherited)";
				SWIFT_OPTIMIZATION_LEVEL = "-Onone";
			};
			name = Debug;
		};
		55DD64B72B77C8A8002B9842 /* Release */ = {
			isa = XCBuildConfiguration;
			buildSettings = {
				ALWAYS_SEARCH_USER_PATHS = NO;
				ASSETCATALOG_COMPILER_GENERATE_SWIFT_ASSET_SYMBOL_EXTENSIONS = YES;
				CLANG_ANALYZER_NONNULL = YES;
				CLANG_ANALYZER_NUMBER_OBJECT_CONVERSION = YES_AGGRESSIVE;
				CLANG_CXX_LANGUAGE_STANDARD = "gnu++20";
				CLANG_ENABLE_MODULES = YES;
				CLANG_ENABLE_OBJC_ARC = YES;
				CLANG_ENABLE_OBJC_WEAK = YES;
				CLANG_WARN_BLOCK_CAPTURE_AUTORELEASING = YES;
				CLANG_WARN_BOOL_CONVERSION = YES;
				CLANG_WARN_COMMA = YES;
				CLANG_WARN_CONSTANT_CONVERSION = YES;
				CLANG_WARN_DEPRECATED_OBJC_IMPLEMENTATIONS = YES;
				CLANG_WARN_DIRECT_OBJC_ISA_USAGE = YES_ERROR;
				CLANG_WARN_DOCUMENTATION_COMMENTS = YES;
				CLANG_WARN_EMPTY_BODY = YES;
				CLANG_WARN_ENUM_CONVERSION = YES;
				CLANG_WARN_INFINITE_RECURSION = YES;
				CLANG_WARN_INT_CONVERSION = YES;
				CLANG_WARN_NON_LITERAL_NULL_CONVERSION = YES;
				CLANG_WARN_OBJC_IMPLICIT_RETAIN_SELF = YES;
				CLANG_WARN_OBJC_LITERAL_CONVERSION = YES;
				CLANG_WARN_OBJC_ROOT_CLASS = YES_ERROR;
				CLANG_WARN_QUOTED_INCLUDE_IN_FRAMEWORK_HEADER = YES;
				CLANG_WARN_RANGE_LOOP_ANALYSIS = YES;
				CLANG_WARN_STRICT_PROTOTYPES = YES;
				CLANG_WARN_SUSPICIOUS_MOVE = YES;
				CLANG_WARN_UNGUARDED_AVAILABILITY = YES_AGGRESSIVE;
				CLANG_WARN_UNREACHABLE_CODE = YES;
				CLANG_WARN__DUPLICATE_METHOD_MATCH = YES;
				COPY_PHASE_STRIP = NO;
				DEBUG_INFORMATION_FORMAT = "dwarf-with-dsym";
				ENABLE_NS_ASSERTIONS = NO;
				ENABLE_STRICT_OBJC_MSGSEND = YES;
				ENABLE_USER_SCRIPT_SANDBOXING = YES;
				GCC_C_LANGUAGE_STANDARD = gnu17;
				GCC_NO_COMMON_BLOCKS = YES;
				GCC_WARN_64_TO_32_BIT_CONVERSION = YES;
				GCC_WARN_ABOUT_RETURN_TYPE = YES_ERROR;
				GCC_WARN_UNDECLARED_SELECTOR = YES;
				GCC_WARN_UNINITIALIZED_AUTOS = YES_AGGRESSIVE;
				GCC_WARN_UNUSED_FUNCTION = YES;
				GCC_WARN_UNUSED_VARIABLE = YES;
				IPHONEOS_DEPLOYMENT_TARGET = 14.0;
				LOCALIZATION_PREFERS_STRING_CATALOGS = YES;
				MTL_ENABLE_DEBUG_INFO = NO;
				MTL_FAST_MATH = YES;
				SDKROOT = iphoneos;
				SWIFT_COMPILATION_MODE = wholemodule;
				VALIDATE_PRODUCT = YES;
			};
			name = Release;
		};
		55DD64B92B77C8A8002B9842 /* Debug */ = {
			isa = XCBuildConfiguration;
			buildSettings = {
				ASSETCATALOG_COMPILER_APPICON_NAME = AppIcon;
				ASSETCATALOG_COMPILER_GLOBAL_ACCENT_COLOR_NAME = AccentColor;
				CODE_SIGN_STYLE = Automatic;
				CURRENT_PROJECT_VERSION = 1;
				DEVELOPMENT_TEAM = 7MQF3GGWS3;
				GENERATE_INFOPLIST_FILE = YES;
				INFOPLIST_FILE = "Standoff-CaseSimulator/Application/Info.plist";
				INFOPLIST_KEY_UIApplicationSupportsIndirectInputEvents = YES;
				INFOPLIST_KEY_UILaunchStoryboardName = LaunchScreen;
				INFOPLIST_KEY_UISupportedInterfaceOrientations = "UIInterfaceOrientationLandscapeLeft UIInterfaceOrientationLandscapeRight";
				INFOPLIST_KEY_UISupportedInterfaceOrientations_iPad = "UIInterfaceOrientationLandscapeLeft UIInterfaceOrientationLandscapeRight UIInterfaceOrientationPortrait UIInterfaceOrientationPortraitUpsideDown";
				LD_RUNPATH_SEARCH_PATHS = (
					"$(inherited)",
					"@executable_path/Frameworks",
				);
				MARKETING_VERSION = 1.0;
				PRODUCT_BUNDLE_IDENTIFIER = "andrey.Standoff-CaseSimulator";
				PRODUCT_NAME = "$(TARGET_NAME)";
				SWIFT_EMIT_LOC_STRINGS = YES;
				SWIFT_VERSION = 5.0;
				TARGETED_DEVICE_FAMILY = "1,2";
			};
			name = Debug;
		};
		55DD64BA2B77C8A8002B9842 /* Release */ = {
			isa = XCBuildConfiguration;
			buildSettings = {
				ASSETCATALOG_COMPILER_APPICON_NAME = AppIcon;
				ASSETCATALOG_COMPILER_GLOBAL_ACCENT_COLOR_NAME = AccentColor;
				CODE_SIGN_STYLE = Automatic;
				CURRENT_PROJECT_VERSION = 1;
				DEVELOPMENT_TEAM = 7MQF3GGWS3;
				GENERATE_INFOPLIST_FILE = YES;
				INFOPLIST_FILE = "Standoff-CaseSimulator/Application/Info.plist";
				INFOPLIST_KEY_UIApplicationSupportsIndirectInputEvents = YES;
				INFOPLIST_KEY_UILaunchStoryboardName = LaunchScreen;
				INFOPLIST_KEY_UISupportedInterfaceOrientations = "UIInterfaceOrientationLandscapeLeft UIInterfaceOrientationLandscapeRight";
				INFOPLIST_KEY_UISupportedInterfaceOrientations_iPad = "UIInterfaceOrientationLandscapeLeft UIInterfaceOrientationLandscapeRight UIInterfaceOrientationPortrait UIInterfaceOrientationPortraitUpsideDown";
				LD_RUNPATH_SEARCH_PATHS = (
					"$(inherited)",
					"@executable_path/Frameworks",
				);
				MARKETING_VERSION = 1.0;
				PRODUCT_BUNDLE_IDENTIFIER = "andrey.Standoff-CaseSimulator";
				PRODUCT_NAME = "$(TARGET_NAME)";
				SWIFT_EMIT_LOC_STRINGS = YES;
				SWIFT_VERSION = 5.0;
				TARGETED_DEVICE_FAMILY = "1,2";
			};
			name = Release;
		};
/* End XCBuildConfiguration section */

/* Begin XCConfigurationList section */
		55DD649F2B77C8A5002B9842 /* Build configuration list for PBXProject "Standoff-CaseSimulator" */ = {
			isa = XCConfigurationList;
			buildConfigurations = (
				55DD64B62B77C8A8002B9842 /* Debug */,
				55DD64B72B77C8A8002B9842 /* Release */,
			);
			defaultConfigurationIsVisible = 0;
			defaultConfigurationName = Release;
		};
		55DD64B82B77C8A8002B9842 /* Build configuration list for PBXNativeTarget "Standoff-CaseSimulator" */ = {
			isa = XCConfigurationList;
			buildConfigurations = (
				55DD64B92B77C8A8002B9842 /* Debug */,
				55DD64BA2B77C8A8002B9842 /* Release */,
			);
			defaultConfigurationIsVisible = 0;
			defaultConfigurationName = Release;
		};
/* End XCConfigurationList section */
	};
	rootObject = 55DD649C2B77C8A5002B9842 /* Project object */;
}
